
Microsoft Visual Studio Solution File, Format Version 12.00
# Visual Studio Version 17
VisualStudioVersion = 17.10.35027.167
MinimumVisualStudioVersion = 10.0.40219.1
Project("{FAE04EC0-301F-11D3-BF4B-00C04F79EFBC}") = "PROG WEB APP", "PROG WEB APP\PROG WEB APP.csproj", "{BE36DDE7-BE11-48E1-8CE1-0AAC2BF5FBAD}"
EndProject
Global
	GlobalSection(SolutionConfigurationPlatforms) = preSolution
		Debug|Any CPU = Debug|Any CPU
		Release|Any CPU = Release|Any CPU
	EndGlobalSection
	GlobalSection(ProjectConfigurationPlatforms) = postSolution
		{BE36DDE7-BE11-48E1-8CE1-0AAC2BF5FBAD}.Debug|Any CPU.ActiveCfg = Debug|Any CPU
		{BE36DDE7-BE11-48E1-8CE1-0AAC2BF5FBAD}.Debug|Any CPU.Build.0 = Debug|Any CPU
		{BE36DDE7-BE11-48E1-8CE1-0AAC2BF5FBAD}.Release|Any CPU.ActiveCfg = Release|Any CPU
		{BE36DDE7-BE11-48E1-8CE1-0AAC2BF5FBAD}.Release|Any CPU.Build.0 = Release|Any CPU
	EndGlobalSection
	GlobalSection(SolutionProperties) = preSolution
		HideSolutionNode = FALSE
	EndGlobalSection
	GlobalSection(ExtensibilityGlobals) = postSolution
		SolutionGuid = {6F4C83A6-42BC-4748-8EF5-F11AABBF4CDC}
	EndGlobalSection
EndGlobal
